schema: '2.0'
stages:
  data_ingestion:
    cmd: python src/cnnClassifier/pipeline/stage_01_data_ingestion.py
    deps:
    - path: config/config.yaml
      hash: md5
      md5: dcd268f002860442167b5561eda8d7b6
      size: 781
    - path: src/cnnClassifier/pipeline/stage_01_data_ingestion.py
      hash: md5
      md5: 76b90d35f923c56e7402c56535067879
      size: 1226
    outs:
    - path: artifacts/data_ingestion/poultry_diseases
      hash: md5
      md5: 9f38fefda817af4092ac35cc4884167f.dir
      size: 8637502364
      nfiles: 6812
  prepare_base_model:
    cmd: python src/cnnClassifier/pipeline/stage_02_prepare_base_model.py
    deps:
    - path: config/config.yaml
      hash: md5
      md5: dcd268f002860442167b5561eda8d7b6
      size: 781
    - path: params.yaml
      hash: md5
      md5: 0f501ea4fcdf0f341d6d82f6667e6620
      size: 166
    - path: src/cnnClassifier/pipeline/stage_02_prepare_base_model.py
      hash: md5
      md5: dd6f32a04e70093fcc4073cb138cdef2
      size: 997
    params:
      params.yaml:
        CLASSES: 4
        IMAGE_SIZE:
        - 224
        - 224
        - 3
        INCLUDE_TOP: false
        LEARNING_RATE: 0.01
        WEIGHTS: imagenet
    outs:
    - path: artifacts/prepare_base_model
      hash: md5
      md5: 8e26fba568a63cf7da5e4d21e22fec0c.dir
      size: 118273921
      nfiles: 2
  training:
    cmd: python src/cnnClassifier/pipeline/stage_03_training.py
    deps:
    - path: artifacts/data_ingestion/poultry_diseases
      hash: md5
      md5: 9f38fefda817af4092ac35cc4884167f.dir
      size: 8637502364
      nfiles: 6812
    - path: artifacts/prepare_base_model
      hash: md5
      md5: 8e26fba568a63cf7da5e4d21e22fec0c.dir
      size: 118273921
      nfiles: 2
    - path: config/config.yaml
      hash: md5
      md5: dcd268f002860442167b5561eda8d7b6
      size: 781
    - path: params.yaml
      hash: md5
      md5: 0f501ea4fcdf0f341d6d82f6667e6620
      size: 166
    - path: src/cnnClassifier/components/prepare_callbacks.py
      hash: md5
      md5: df047e424075dcab9aec144951712130
      size: 1006
    - path: src/cnnClassifier/pipeline/stage_03_training.py
      hash: md5
      md5: 471a3dc258c4588c03d7a771930e2a8e
      size: 1374
    params:
      params.yaml:
        AUGMENTATION: true
        BATCH_SIZE: 32
        EPOCHS: 7
        IMAGE_SIZE:
        - 224
        - 224
        - 3
    outs:
    - path: artifacts/training/model.keras
      hash: md5
      md5: 186a5a8e9170e21874508f5ffb581723
      size: 60145914
  evaluation:
    cmd: python src/cnnClassifier/pipeline/stage_04_evaluation.py
    deps:
    - path: artifacts/data_ingestion/poultry_diseases
      hash: md5
      md5: 9f38fefda817af4092ac35cc4884167f.dir
      size: 8637502364
      nfiles: 6812
    - path: artifacts/training/model.keras
      hash: md5
      md5: 186a5a8e9170e21874508f5ffb581723
      size: 60145914
    - path: config/config.yaml
      hash: md5
      md5: dcd268f002860442167b5561eda8d7b6
      size: 781
    - path: params.yaml
      hash: md5
      md5: 0f501ea4fcdf0f341d6d82f6667e6620
      size: 166
    - path: src/cnnClassifier/pipeline/stage_04_evaluation.py
      hash: md5
      md5: 8204783faf219204568b3e3793e2e214
      size: 869
    params:
      params.yaml:
        BATCH_SIZE: 32
        IMAGE_SIZE:
        - 224
        - 224
        - 3
    outs:
    - path: scores.json
      hash: md5
      md5: 4de48091f5dac5c2d2c2aea1a998280c
      size: 73
